Microsoft Visual Studio Solution File, Format Version 11.00
# Visual Studio 2008

Project("{44D64610-2F70-DED4-672C-54620FD84170}") = "Hovere", "Assembly-CSharp-firstpass.csproj", "{EA990385-B511-E563-3053-AF2EC2A2A0F0}"
EndProject
Project("{44D64610-2F70-DED4-672C-54620FD84170}") = "Hovere", "Assembly-CSharp.csproj", "{387AF9B2-7165-FF78-1717-C87C0A5C896E}"
EndProject
Project("{44D64610-2F70-DED4-672C-54620FD84170}") = "Hovere", "Assembly-UnityScript-firstpass.unityproj", "{5E33BE1F-ABA3-8C61-8384-A560E11AA12A}"
EndProject
Global
	GlobalSection(SolutionConfigurationPlatforms) = preSolution
		Debug|Any CPU = Debug|Any CPU
		Release|Any CPU = Release|Any CPU
	EndGlobalSection
	GlobalSection(ProjectConfigurationPlatforms) = postSolution
		{EA990385-B511-E563-3053-AF2EC2A2A0F0}.Debug|Any CPU.ActiveCfg = Debug|Any CPU
		{EA990385-B511-E563-3053-AF2EC2A2A0F0}.Debug|Any CPU.Build.0 = Debug|Any CPU
		{EA990385-B511-E563-3053-AF2EC2A2A0F0}.Release|Any CPU.ActiveCfg = Release|Any CPU
		{EA990385-B511-E563-3053-AF2EC2A2A0F0}.Release|Any CPU.Build.0 = Release|Any CPU
		{387AF9B2-7165-FF78-1717-C87C0A5C896E}.Debug|Any CPU.ActiveCfg = Debug|Any CPU
		{387AF9B2-7165-FF78-1717-C87C0A5C896E}.Debug|Any CPU.Build.0 = Debug|Any CPU
		{387AF9B2-7165-FF78-1717-C87C0A5C896E}.Release|Any CPU.ActiveCfg = Release|Any CPU
		{387AF9B2-7165-FF78-1717-C87C0A5C896E}.Release|Any CPU.Build.0 = Release|Any CPU
		{5E33BE1F-ABA3-8C61-8384-A560E11AA12A}.Debug|Any CPU.ActiveCfg = Debug|Any CPU
		{5E33BE1F-ABA3-8C61-8384-A560E11AA12A}.Debug|Any CPU.Build.0 = Debug|Any CPU
		{5E33BE1F-ABA3-8C61-8384-A560E11AA12A}.Release|Any CPU.ActiveCfg = Release|Any CPU
		{5E33BE1F-ABA3-8C61-8384-A560E11AA12A}.Release|Any CPU.Build.0 = Release|Any CPU
	EndGlobalSection
	GlobalSection(SolutionProperties) = preSolution
		HideSolutionNode = FALSE
	EndGlobalSection
																																																	GlobalSection(MonoDevelopProperties) = preSolution
		StartupItem = Assembly-CSharp.csproj
		Policies = $0
		$0.TextStylePolicy = $1
		$1.inheritsSet = null
		$1.scope = text/x-csharp
		$0.CSharpFormattingPolicy = $2
		$2.inheritsSet = Mono
		$2.inheritsScope = text/x-csharp
		$2.scope = text/x-csharp
		$0.TextStylePolicy = $3
		$3.FileWidth = 120
		$3.TabWidth = 4
		$3.EolMarker = Unix
		$3.inheritsSet = Mono
		$3.inheritsScope = text/plain
		$3.scope = text/plain
	EndGlobalSection

EndGlobal
