Microsoft Visual Studio Solution File, Format Version 11.00
# Visual Studio 2008

Project("{9C303B70-5D0F-13DB-EE54-4E09022C85F6}") = "hovere", "Assembly-CSharp-firstpass.csproj", "{4C9D5182-1957-EF90-96EE-072890CEFF21}"
EndProject
Project("{9C303B70-5D0F-13DB-EE54-4E09022C85F6}") = "hovere", "Assembly-CSharp.csproj", "{FDF00E84-4166-2DD5-6671-942E3F2B51CE}"
EndProject
Global
	GlobalSection(SolutionConfigurationPlatforms) = preSolution
		Debug|Any CPU = Debug|Any CPU
		Release|Any CPU = Release|Any CPU
	EndGlobalSection
	GlobalSection(ProjectConfigurationPlatforms) = postSolution
		{4C9D5182-1957-EF90-96EE-072890CEFF21}.Debug|Any CPU.ActiveCfg = Debug|Any CPU
		{4C9D5182-1957-EF90-96EE-072890CEFF21}.Debug|Any CPU.Build.0 = Debug|Any CPU
		{4C9D5182-1957-EF90-96EE-072890CEFF21}.Release|Any CPU.ActiveCfg = Release|Any CPU
		{4C9D5182-1957-EF90-96EE-072890CEFF21}.Release|Any CPU.Build.0 = Release|Any CPU
		{FDF00E84-4166-2DD5-6671-942E3F2B51CE}.Debug|Any CPU.ActiveCfg = Debug|Any CPU
		{FDF00E84-4166-2DD5-6671-942E3F2B51CE}.Debug|Any CPU.Build.0 = Debug|Any CPU
		{FDF00E84-4166-2DD5-6671-942E3F2B51CE}.Release|Any CPU.ActiveCfg = Release|Any CPU
		{FDF00E84-4166-2DD5-6671-942E3F2B51CE}.Release|Any CPU.Build.0 = Release|Any CPU
	EndGlobalSection
	GlobalSection(SolutionProperties) = preSolution
		HideSolutionNode = FALSE
	EndGlobalSection
																																																											GlobalSection(MonoDevelopProperties) = preSolution
		StartupItem = Assembly-CSharp.csproj
		Policies = $0
		$0.TextStylePolicy = $1
		$1.inheritsSet = null
		$1.scope = text/x-csharp
		$0.CSharpFormattingPolicy = $2
		$2.inheritsSet = Mono
		$2.inheritsScope = text/x-csharp
		$2.scope = text/x-csharp
		$0.TextStylePolicy = $3
		$3.FileWidth = 120
		$3.TabWidth = 4
		$3.EolMarker = Unix
		$3.inheritsSet = Mono
		$3.inheritsScope = text/plain
		$3.scope = text/plain
	EndGlobalSection
EndGlobal
